Microsoft Visual Studio Solution File, Format Version 12.00
# Visual Studio Version 17
VisualStudioVersion = 17.5.2.0
MinimumVisualStudioVersion = 10.0.40219.1
Project("{FAE04EC0-301F-11D3-BF4B-00C04F79EFBC}") = "PadraoDisposable", "PadraoDisposable.csproj", "{DCC6C7B7-B509-CFDF-8762-40E389D244F7}"
EndProject
Global
	GlobalSection(SolutionConfigurationPlatforms) = preSolution
		Debug|Any CPU = Debug|Any CPU
		Release|Any CPU = Release|Any CPU
	EndGlobalSection
	GlobalSection(ProjectConfigurationPlatforms) = postSolution
		{DCC6C7B7-B509-CFDF-8762-40E389D244F7}.Debug|Any CPU.ActiveCfg = Debug|Any CPU
		{DCC6C7B7-B509-CFDF-8762-40E389D244F7}.Debug|Any CPU.Build.0 = Debug|Any CPU
		{DCC6C7B7-B509-CFDF-8762-40E389D244F7}.Release|Any CPU.ActiveCfg = Release|Any CPU
		{DCC6C7B7-B509-CFDF-8762-40E389D244F7}.Release|Any CPU.Build.0 = Release|Any CPU
	EndGlobalSection
	GlobalSection(SolutionProperties) = preSolution
		HideSolutionNode = FALSE
	EndGlobalSection
	GlobalSection(ExtensibilityGlobals) = postSolution
		SolutionGuid = {145BA3B0-F790-43C5-AB6E-D8D046E5DAF3}
	EndGlobalSection
EndGlobal
